
Microsoft Visual Studio Solution File, Format Version 12.00
# Visual Studio Version 16
VisualStudioVersion = 16.0.31025.194
MinimumVisualStudioVersion = 10.0.40219.1
Project("{FAE04EC0-301F-11D3-BF4B-00C04F79EFBC}") = "PublicAddressBook", "PublicAddressBook\PublicAddressBook.csproj", "{CF8BF3CA-E44D-4FD4-9080-D63DC054BBB7}"
EndProject
Global
	GlobalSection(SolutionConfigurationPlatforms) = preSolution
		Debug|Any CPU = Debug|Any CPU
		Release|Any CPU = Release|Any CPU
	EndGlobalSection
	GlobalSection(ProjectConfigurationPlatforms) = postSolution
		{CF8BF3CA-E44D-4FD4-9080-D63DC054BBB7}.Debug|Any CPU.ActiveCfg = Debug|Any CPU
		{CF8BF3CA-E44D-4FD4-9080-D63DC054BBB7}.Debug|Any CPU.Build.0 = Debug|Any CPU
		{CF8BF3CA-E44D-4FD4-9080-D63DC054BBB7}.Release|Any CPU.ActiveCfg = Release|Any CPU
		{CF8BF3CA-E44D-4FD4-9080-D63DC054BBB7}.Release|Any CPU.Build.0 = Release|Any CPU
	EndGlobalSection
	GlobalSection(SolutionProperties) = preSolution
		HideSolutionNode = FALSE
	EndGlobalSection
	GlobalSection(ExtensibilityGlobals) = postSolution
		SolutionGuid = {702E3489-ADBB-4256-9FF7-EF8FDDD7885C}
	EndGlobalSection
EndGlobal
